// !$*UTF8*$!
{
	archiveVersion = 1;
	classes = {
	};
	objectVersion = 56;
	objects = {

/* Begin PBXBuildFile section */
		9292F1A929EF51510049DB1A /* AppDelegate.swift in Sources */ = {isa = PBXBuildFile; fileRef = 9292F1A829EF51510049DB1A /* AppDelegate.swift */; };
		9292F1AB29EF51510049DB1A /* SceneDelegate.swift in Sources */ = {isa = PBXBuildFile; fileRef = 9292F1AA29EF51510049DB1A /* SceneDelegate.swift */; };
		9292F1AD29EF51510049DB1A /* ViewController.swift in Sources */ = {isa = PBXBuildFile; fileRef = 9292F1AC29EF51510049DB1A /* ViewController.swift */; };
		9292F1B029EF51510049DB1A /* Main.storyboard in Resources */ = {isa = PBXBuildFile; fileRef = 9292F1AE29EF51510049DB1A /* Main.storyboard */; };
		9292F1B229EF51530049DB1A /* Assets.xcassets in Resources */ = {isa = PBXBuildFile; fileRef = 9292F1B129EF51530049DB1A /* Assets.xcassets */; };
		9292F1B529EF51530049DB1A /* LaunchScreen.storyboard in Resources */ = {isa = PBXBuildFile; fileRef = 9292F1B329EF51530049DB1A /* LaunchScreen.storyboard */; };
		9292F1C029EF51530049DB1A /* Memery_MatchTests.swift in Sources */ = {isa = PBXBuildFile; fileRef = 9292F1BF29EF51530049DB1A /* Memery_MatchTests.swift */; };
		9292F1CA29EF51530049DB1A /* Memery_MatchUITests.swift in Sources */ = {isa = PBXBuildFile; fileRef = 9292F1C929EF51530049DB1A /* Memery_MatchUITests.swift */; };
		9292F1CC29EF51530049DB1A /* Memery_MatchUITestsLaunchTests.swift in Sources */ = {isa = PBXBuildFile; fileRef = 9292F1CB29EF51530049DB1A /* Memery_MatchUITestsLaunchTests.swift */; };
		9292F1DB29F1F2910049DB1A /* Mem_Model.swift in Sources */ = {isa = PBXBuildFile; fileRef = 9292F1DA29F1F2910049DB1A /* Mem_Model.swift */; };
/* End PBXBuildFile section */

/* Begin PBXContainerItemProxy section */
		9292F1BC29EF51530049DB1A /* PBXContainerItemProxy */ = {
			isa = PBXContainerItemProxy;
			containerPortal = 9292F19D29EF51510049DB1A /* Project object */;
			proxyType = 1;
			remoteGlobalIDString = 9292F1A429EF51510049DB1A;
			remoteInfo = "Memery Match";
		};
		9292F1C629EF51530049DB1A /* PBXContainerItemProxy */ = {
			isa = PBXContainerItemProxy;
			containerPortal = 9292F19D29EF51510049DB1A /* Project object */;
			proxyType = 1;
			remoteGlobalIDString = 9292F1A429EF51510049DB1A;
			remoteInfo = "Memery Match";
		};
/* End PBXContainerItemProxy section */

/* Begin PBXFileReference section */
		9292F1A529EF51510049DB1A /* Memery Match.app */ = {isa = PBXFileReference; explicitFileType = wrapper.application; includeInIndex = 0; path = "Memery Match.app"; sourceTree = BUILT_PRODUCTS_DIR; };
		9292F1A829EF51510049DB1A /* AppDelegate.swift */ = {isa = PBXFileReference; lastKnownFileType = sourcecode.swift; path = AppDelegate.swift; sourceTree = "<group>"; };
		9292F1AA29EF51510049DB1A /* SceneDelegate.swift */ = {isa = PBXFileReference; lastKnownFileType = sourcecode.swift; path = SceneDelegate.swift; sourceTree = "<group>"; };
		9292F1AC29EF51510049DB1A /* ViewController.swift */ = {isa = PBXFileReference; lastKnownFileType = sourcecode.swift; path = ViewController.swift; sourceTree = "<group>"; };
		9292F1AF29EF51510049DB1A /* Base */ = {isa = PBXFileReference; lastKnownFileType = file.storyboard; name = Base; path = Base.lproj/Main.storyboard; sourceTree = "<group>"; };
		9292F1B129EF51530049DB1A /* Assets.xcassets */ = {isa = PBXFileReference; lastKnownFileType = folder.assetcatalog; path = Assets.xcassets; sourceTree = "<group>"; };
		9292F1B429EF51530049DB1A /* Base */ = {isa = PBXFileReference; lastKnownFileType = file.storyboard; name = Base; path = Base.lproj/LaunchScreen.storyboard; sourceTree = "<group>"; };
		9292F1B629EF51530049DB1A /* Info.plist */ = {isa = PBXFileReference; lastKnownFileType = text.plist.xml; path = Info.plist; sourceTree = "<group>"; };
		9292F1BB29EF51530049DB1A /* Memery MatchTests.xctest */ = {isa = PBXFileReference; explicitFileType = wrapper.cfbundle; includeInIndex = 0; path = "Memery MatchTests.xctest"; sourceTree = BUILT_PRODUCTS_DIR; };
		9292F1BF29EF51530049DB1A /* Memery_MatchTests.swift */ = {isa = PBXFileReference; lastKnownFileType = sourcecode.swift; path = Memery_MatchTests.swift; sourceTree = "<group>"; };
		9292F1C529EF51530049DB1A /* Memery MatchUITests.xctest */ = {isa = PBXFileReference; explicitFileType = wrapper.cfbundle; includeInIndex = 0; path = "Memery MatchUITests.xctest"; sourceTree = BUILT_PRODUCTS_DIR; };
		9292F1C929EF51530049DB1A /* Memery_MatchUITests.swift */ = {isa = PBXFileReference; lastKnownFileType = sourcecode.swift; path = Memery_MatchUITests.swift; sourceTree = "<group>"; };
		9292F1CB29EF51530049DB1A /* Memery_MatchUITestsLaunchTests.swift */ = {isa = PBXFileReference; lastKnownFileType = sourcecode.swift; path = Memery_MatchUITestsLaunchTests.swift; sourceTree = "<group>"; };
		9292F1DA29F1F2910049DB1A /* Mem_Model.swift */ = {isa = PBXFileReference; lastKnownFileType = sourcecode.swift; path = Mem_Model.swift; sourceTree = "<group>"; };
/* End PBXFileReference section */

/* Begin PBXFrameworksBuildPhase section */
		9292F1A229EF51510049DB1A /* Frameworks */ = {
			isa = PBXFrameworksBuildPhase;
			buildActionMask = 2147483647;
			files = (
			);
			runOnlyForDeploymentPostprocessing = 0;
		};
		9292F1B829EF51530049DB1A /* Frameworks */ = {
			isa = PBXFrameworksBuildPhase;
			buildActionMask = 2147483647;
			files = (
			);
			runOnlyForDeploymentPostprocessing = 0;
		};
		9292F1C229EF51530049DB1A /* Frameworks */ = {
			isa = PBXFrameworksBuildPhase;
			buildActionMask = 2147483647;
			files = (
			);
			runOnlyForDeploymentPostprocessing = 0;
		};
/* End PBXFrameworksBuildPhase section */

/* Begin PBXGroup section */
		9292F19C29EF51510049DB1A = {
			isa = PBXGroup;
			children = (
				9292F1A729EF51510049DB1A /* Memery Match */,
				9292F1BE29EF51530049DB1A /* Memery MatchTests */,
				9292F1C829EF51530049DB1A /* Memery MatchUITests */,
				9292F1A629EF51510049DB1A /* Products */,
			);
			sourceTree = "<group>";
		};
		9292F1A629EF51510049DB1A /* Products */ = {
			isa = PBXGroup;
			children = (
				9292F1A529EF51510049DB1A /* Memery Match.app */,
				9292F1BB29EF51530049DB1A /* Memery MatchTests.xctest */,
				9292F1C529EF51530049DB1A /* Memery MatchUITests.xctest */,
			);
			name = Products;
			sourceTree = "<group>";
		};
		9292F1A729EF51510049DB1A /* Memery Match */ = {
			isa = PBXGroup;
			children = (
				9292F1DA29F1F2910049DB1A /* Mem_Model.swift */,
				9292F1A829EF51510049DB1A /* AppDelegate.swift */,
				9292F1AA29EF51510049DB1A /* SceneDelegate.swift */,
				9292F1AC29EF51510049DB1A /* ViewController.swift */,
				9292F1AE29EF51510049DB1A /* Main.storyboard */,
				9292F1B129EF51530049DB1A /* Assets.xcassets */,
				9292F1B329EF51530049DB1A /* LaunchScreen.storyboard */,
				9292F1B629EF51530049DB1A /* Info.plist */,
			);
			path = "Memery Match";
			sourceTree = "<group>";
		};
		9292F1BE29EF51530049DB1A /* Memery MatchTests */ = {
			isa = PBXGroup;
			children = (
				9292F1BF29EF51530049DB1A /* Memery_MatchTests.swift */,
			);
			path = "Memery MatchTests";
			sourceTree = "<group>";
		};
		9292F1C829EF51530049DB1A /* Memery MatchUITests */ = {
			isa = PBXGroup;
			children = (
				9292F1C929EF51530049DB1A /* Memery_MatchUITests.swift */,
				9292F1CB29EF51530049DB1A /* Memery_MatchUITestsLaunchTests.swift */,
			);
			path = "Memery MatchUITests";
			sourceTree = "<group>";
		};
/* End PBXGroup section */

/* Begin PBXNativeTarget section */
		9292F1A429EF51510049DB1A /* Memery Match */ = {
			isa = PBXNativeTarget;
			buildConfigurationList = 9292F1CF29EF51530049DB1A /* Build configuration list for PBXNativeTarget "Memery Match" */;
			buildPhases = (
				9292F1A129EF51510049DB1A /* Sources */,
				9292F1A229EF51510049DB1A /* Frameworks */,
				9292F1A329EF51510049DB1A /* Resources */,
			);
			buildRules = (
			);
			dependencies = (
			);
			name = "Memery Match";
			productName = "Memery Match";
			productReference = 9292F1A529EF51510049DB1A /* Memery Match.app */;
			productType = "com.apple.product-type.application";
		};
		9292F1BA29EF51530049DB1A /* Memery MatchTests */ = {
			isa = PBXNativeTarget;
			buildConfigurationList = 9292F1D229EF51530049DB1A /* Build configuration list for PBXNativeTarget "Memery MatchTests" */;
			buildPhases = (
				9292F1B729EF51530049DB1A /* Sources */,
				9292F1B829EF51530049DB1A /* Frameworks */,
				9292F1B929EF51530049DB1A /* Resources */,
			);
			buildRules = (
			);
			dependencies = (
				9292F1BD29EF51530049DB1A /* PBXTargetDependency */,
			);
			name = "Memery MatchTests";
			productName = "Memery MatchTests";
			productReference = 9292F1BB29EF51530049DB1A /* Memery MatchTests.xctest */;
			productType = "com.apple.product-type.bundle.unit-test";
		};
		9292F1C429EF51530049DB1A /* Memery MatchUITests */ = {
			isa = PBXNativeTarget;
			buildConfigurationList = 9292F1D529EF51530049DB1A /* Build configuration list for PBXNativeTarget "Memery MatchUITests" */;
			buildPhases = (
				9292F1C129EF51530049DB1A /* Sources */,
				9292F1C229EF51530049DB1A /* Frameworks */,
				9292F1C329EF51530049DB1A /* Resources */,
			);
			buildRules = (
			);
			dependencies = (
				9292F1C729EF51530049DB1A /* PBXTargetDependency */,
			);
			name = "Memery MatchUITests";
			productName = "Memery MatchUITests";
			productReference = 9292F1C529EF51530049DB1A /* Memery MatchUITests.xctest */;
			productType = "com.apple.product-type.bundle.ui-testing";
		};
/* End PBXNativeTarget section */

/* Begin PBXProject section */
		9292F19D29EF51510049DB1A /* Project object */ = {
			isa = PBXProject;
			attributes = {
				BuildIndependentTargetsInParallel = 1;
				LastSwiftUpdateCheck = 1430;
				LastUpgradeCheck = 1430;
				TargetAttributes = {
					9292F1A429EF51510049DB1A = {
						CreatedOnToolsVersion = 14.3;
					};
					9292F1BA29EF51530049DB1A = {
						CreatedOnToolsVersion = 14.3;
						TestTargetID = 9292F1A429EF51510049DB1A;
					};
					9292F1C429EF51530049DB1A = {
						CreatedOnToolsVersion = 14.3;
						TestTargetID = 9292F1A429EF51510049DB1A;
					};
				};
			};
			buildConfigurationList = 9292F1A029EF51510049DB1A /* Build configuration list for PBXProject "Memery Match" */;
			compatibilityVersion = "Xcode 14.0";
			developmentRegion = en;
			hasScannedForEncodings = 0;
			knownRegions = (
				en,
				Base,
			);
			mainGroup = 9292F19C29EF51510049DB1A;
			productRefGroup = 9292F1A629EF51510049DB1A /* Products */;
			projectDirPath = "";
			projectRoot = "";
			targets = (
				9292F1A429EF51510049DB1A /* Memery Match */,
				9292F1BA29EF51530049DB1A /* Memery MatchTests */,
				9292F1C429EF51530049DB1A /* Memery MatchUITests */,
			);
		};
/* End PBXProject section */

/* Begin PBXResourcesBuildPhase section */
		9292F1A329EF51510049DB1A /* Resources */ = {
			isa = PBXResourcesBuildPhase;
			buildActionMask = 2147483647;
			files = (
				9292F1B529EF51530049DB1A /* LaunchScreen.storyboard in Resources */,
				9292F1B229EF51530049DB1A /* Assets.xcassets in Resources */,
				9292F1B029EF51510049DB1A /* Main.storyboard in Resources */,
			);
			runOnlyForDeploymentPostprocessing = 0;
		};
		9292F1B929EF51530049DB1A /* Resources */ = {
			isa = PBXResourcesBuildPhase;
			buildActionMask = 2147483647;
			files = (
			);
			runOnlyForDeploymentPostprocessing = 0;
		};
		9292F1C329EF51530049DB1A /* Resources */ = {
			isa = PBXResourcesBuildPhase;
			buildActionMask = 2147483647;
			files = (
			);
			runOnlyForDeploymentPostprocessing = 0;
		};
/* End PBXResourcesBuildPhase section */

/* Begin PBXSourcesBuildPhase section */
		9292F1A129EF51510049DB1A /* Sources */ = {
			isa = PBXSourcesBuildPhase;
			buildActionMask = 2147483647;
			files = (
				9292F1AD29EF51510049DB1A /* ViewController.swift in Sources */,
				9292F1A929EF51510049DB1A /* AppDelegate.swift in Sources */,
				9292F1AB29EF51510049DB1A /* SceneDelegate.swift in Sources */,
				9292F1DB29F1F2910049DB1A /* Mem_Model.swift in Sources */,
			);
			runOnlyForDeploymentPostprocessing = 0;
		};
		9292F1B729EF51530049DB1A /* Sources */ = {
			isa = PBXSourcesBuildPhase;
			buildActionMask = 2147483647;
			files = (
				9292F1C029EF51530049DB1A /* Memery_MatchTests.swift in Sources */,
			);
			runOnlyForDeploymentPostprocessing = 0;
		};
		9292F1C129EF51530049DB1A /* Sources */ = {
			isa = PBXSourcesBuildPhase;
			buildActionMask = 2147483647;
			files = (
				9292F1CA29EF51530049DB1A /* Memery_MatchUITests.swift in Sources */,
				9292F1CC29EF51530049DB1A /* Memery_MatchUITestsLaunchTests.swift in Sources */,
			);
			runOnlyForDeploymentPostprocessing = 0;
		};
/* End PBXSourcesBuildPhase section */

/* Begin PBXTargetDependency section */
		9292F1BD29EF51530049DB1A /* PBXTargetDependency */ = {
			isa = PBXTargetDependency;
			target = 9292F1A429EF51510049DB1A /* Memery Match */;
			targetProxy = 9292F1BC29EF51530049DB1A /* PBXContainerItemProxy */;
		};
		9292F1C729EF51530049DB1A /* PBXTargetDependency */ = {
			isa = PBXTargetDependency;
			target = 9292F1A429EF51510049DB1A /* Memery Match */;
			targetProxy = 9292F1C629EF51530049DB1A /* PBXContainerItemProxy */;
		};
/* End PBXTargetDependency section */

/* Begin PBXVariantGroup section */
		9292F1AE29EF51510049DB1A /* Main.storyboard */ = {
			isa = PBXVariantGroup;
			children = (
				9292F1AF29EF51510049DB1A /* Base */,
			);
			name = Main.storyboard;
			sourceTree = "<group>";
		};
		9292F1B329EF51530049DB1A /* LaunchScreen.storyboard */ = {
			isa = PBXVariantGroup;
			children = (
				9292F1B429EF51530049DB1A /* Base */,
			);
			name = LaunchScreen.storyboard;
			sourceTree = "<group>";
		};
/* End PBXVariantGroup section */

/* Begin XCBuildConfiguration section */
		9292F1CD29EF51530049DB1A /* Debug */ = {
			isa = XCBuildConfiguration;
			buildSettings = {
				ALWAYS_SEARCH_USER_PATHS = NO;
				CLANG_ANALYZER_NONNULL = YES;
				CLANG_ANALYZER_NUMBER_OBJECT_CONVERSION = YES_AGGRESSIVE;
				CLANG_CXX_LANGUAGE_STANDARD = "gnu++20";
				CLANG_ENABLE_MODULES = YES;
				CLANG_ENABLE_OBJC_ARC = YES;
				CLANG_ENABLE_OBJC_WEAK = YES;
				CLANG_WARN_BLOCK_CAPTURE_AUTORELEASING = YES;
				CLANG_WARN_BOOL_CONVERSION = YES;
				CLANG_WARN_COMMA = YES;
				CLANG_WARN_CONSTANT_CONVERSION = YES;
				CLANG_WARN_DEPRECATED_OBJC_IMPLEMENTATIONS = YES;
				CLANG_WARN_DIRECT_OBJC_ISA_USAGE = YES_ERROR;
				CLANG_WARN_DOCUMENTATION_COMMENTS = YES;
				CLANG_WARN_EMPTY_BODY = YES;
				CLANG_WARN_ENUM_CONVERSION = YES;
				CLANG_WARN_INFINITE_RECURSION = YES;
				CLANG_WARN_INT_CONVERSION = YES;
				CLANG_WARN_NON_LITERAL_NULL_CONVERSION = YES;
				CLANG_WARN_OBJC_IMPLICIT_RETAIN_SELF = YES;
				CLANG_WARN_OBJC_LITERAL_CONVERSION = YES;
				CLANG_WARN_OBJC_ROOT_CLASS = YES_ERROR;
				CLANG_WARN_QUOTED_INCLUDE_IN_FRAMEWORK_HEADER = YES;
				CLANG_WARN_RANGE_LOOP_ANALYSIS = YES;
				CLANG_WARN_STRICT_PROTOTYPES = YES;
				CLANG_WARN_SUSPICIOUS_MOVE = YES;
				CLANG_WARN_UNGUARDED_AVAILABILITY = YES_AGGRESSIVE;
				CLANG_WARN_UNREACHABLE_CODE = YES;
				CLANG_WARN__DUPLICATE_METHOD_MATCH = YES;
				COPY_PHASE_STRIP = NO;
				DEBUG_INFORMATION_FORMAT = dwarf;
				ENABLE_STRICT_OBJC_MSGSEND = YES;
				ENABLE_TESTABILITY = YES;
				GCC_C_LANGUAGE_STANDARD = gnu11;
				GCC_DYNAMIC_NO_PIC = NO;
				GCC_NO_COMMON_BLOCKS = YES;
				GCC_OPTIMIZATION_LEVEL = 0;
				GCC_PREPROCESSOR_DEFINITIONS = (
					"DEBUG=1",
					"$(inherited)",
				);
				GCC_WARN_64_TO_32_BIT_CONVERSION = YES;
				GCC_WARN_ABOUT_RETURN_TYPE = YES_ERROR;
				GCC_WARN_UNDECLARED_SELECTOR = YES;
				GCC_WARN_UNINITIALIZED_AUTOS = YES_AGGRESSIVE;
				GCC_WARN_UNUSED_FUNCTION = YES;
				GCC_WARN_UNUSED_VARIABLE = YES;
				IPHONEOS_DEPLOYMENT_TARGET = 16.4;
				MTL_ENABLE_DEBUG_INFO = INCLUDE_SOURCE;
				MTL_FAST_MATH = YES;
				ONLY_ACTIVE_ARCH = YES;
				SDKROOT = iphoneos;
				SWIFT_ACTIVE_COMPILATION_CONDITIONS = DEBUG;
				SWIFT_OPTIMIZATION_LEVEL = "-Onone";
			};
			name = Debug;
		};
		9292F1CE29EF51530049DB1A /* Release */ = {
			isa = XCBuildConfiguration;
			buildSettings = {
				ALWAYS_SEARCH_USER_PATHS = NO;
				CLANG_ANALYZER_NONNULL = YES;
				CLANG_ANALYZER_NUMBER_OBJECT_CONVERSION = YES_AGGRESSIVE;
				CLANG_CXX_LANGUAGE_STANDARD = "gnu++20";
				CLANG_ENABLE_MODULES = YES;
				CLANG_ENABLE_OBJC_ARC = YES;
				CLANG_ENABLE_OBJC_WEAK = YES;
				CLANG_WARN_BLOCK_CAPTURE_AUTORELEASING = YES;
				CLANG_WARN_BOOL_CONVERSION = YES;
				CLANG_WARN_COMMA = YES;
				CLANG_WARN_CONSTANT_CONVERSION = YES;
				CLANG_WARN_DEPRECATED_OBJC_IMPLEMENTATIONS = YES;
				CLANG_WARN_DIRECT_OBJC_ISA_USAGE = YES_ERROR;
				CLANG_WARN_DOCUMENTATION_COMMENTS = YES;
				CLANG_WARN_EMPTY_BODY = YES;
				CLANG_WARN_ENUM_CONVERSION = YES;
				CLANG_WARN_INFINITE_RECURSION = YES;
				CLANG_WARN_INT_CONVERSION = YES;
				CLANG_WARN_NON_LITERAL_NULL_CONVERSION = YES;
				CLANG_WARN_OBJC_IMPLICIT_RETAIN_SELF = YES;
				CLANG_WARN_OBJC_LITERAL_CONVERSION = YES;
				CLANG_WARN_OBJC_ROOT_CLASS = YES_ERROR;
				CLANG_WARN_QUOTED_INCLUDE_IN_FRAMEWORK_HEADER = YES;
				CLANG_WARN_RANGE_LOOP_ANALYSIS = YES;
				CLANG_WARN_STRICT_PROTOTYPES = YES;
				CLANG_WARN_SUSPICIOUS_MOVE = YES;
				CLANG_WARN_UNGUARDED_AVAILABILITY = YES_AGGRESSIVE;
				CLANG_WARN_UNREACHABLE_CODE = YES;
				CLANG_WARN__DUPLICATE_METHOD_MATCH = YES;
				COPY_PHASE_STRIP = NO;
				DEBUG_INFORMATION_FORMAT = "dwarf-with-dsym";
				ENABLE_NS_ASSERTIONS = NO;
				ENABLE_STRICT_OBJC_MSGSEND = YES;
				GCC_C_LANGUAGE_STANDARD = gnu11;
				GCC_NO_COMMON_BLOCKS = YES;
				GCC_WARN_64_TO_32_BIT_CONVERSION = YES;
				GCC_WARN_ABOUT_RETURN_TYPE = YES_ERROR;
				GCC_WARN_UNDECLARED_SELECTOR = YES;
				GCC_WARN_UNINITIALIZED_AUTOS = YES_AGGRESSIVE;
				GCC_WARN_UNUSED_FUNCTION = YES;
				GCC_WARN_UNUSED_VARIABLE = YES;
				IPHONEOS_DEPLOYMENT_TARGET = 16.4;
				MTL_ENABLE_DEBUG_INFO = NO;
				MTL_FAST_MATH = YES;
				SDKROOT = iphoneos;
				SWIFT_COMPILATION_MODE = wholemodule;
				SWIFT_OPTIMIZATION_LEVEL = "-O";
				VALIDATE_PRODUCT = YES;
			};
			name = Release;
		};
		9292F1D029EF51530049DB1A /* Debug */ = {
			isa = XCBuildConfiguration;
			buildSettings = {
				ASSETCATALOG_COMPILER_APPICON_NAME = AppIcon;
				ASSETCATALOG_COMPILER_GLOBAL_ACCENT_COLOR_NAME = AccentColor;
				CODE_SIGN_STYLE = Automatic;
				CURRENT_PROJECT_VERSION = 1;
				DEVELOPMENT_TEAM = VQ8VGU7774;
				GENERATE_INFOPLIST_FILE = YES;
				INFOPLIST_FILE = "Memery Match/Info.plist";
				INFOPLIST_KEY_UIApplicationSupportsIndirectInputEvents = YES;
				INFOPLIST_KEY_UILaunchStoryboardName = LaunchScreen;
				INFOPLIST_KEY_UIMainStoryboardFile = Main;
				INFOPLIST_KEY_UISupportedInterfaceOrientations_iPad = "UIInterfaceOrientationPortrait UIInterfaceOrientationPortraitUpsideDown UIInterfaceOrientationLandscapeLeft UIInterfaceOrientationLandscapeRight";
				INFOPLIST_KEY_UISupportedInterfaceOrientations_iPhone = "UIInterfaceOrientationPortrait UIInterfaceOrientationLandscapeLeft UIInterfaceOrientationLandscapeRight";
				LD_RUNPATH_SEARCH_PATHS = (
					"$(inherited)",
					"@executable_path/Frameworks",
				);
				MARKETING_VERSION = 1.0;
				PRODUCT_BUNDLE_IDENTIFIER = "edu.Hofstra.Kairui.Memery-Match";
				PRODUCT_NAME = "$(TARGET_NAME)";
				SWIFT_EMIT_LOC_STRINGS = YES;
				SWIFT_VERSION = 5.0;
				TARGETED_DEVICE_FAMILY = "1,2";
			};
			name = Debug;
		};
		9292F1D129EF51530049DB1A /* Release */ = {
			isa = XCBuildConfiguration;
			buildSettings = {
				ASSETCATALOG_COMPILER_APPICON_NAME = AppIcon;
				ASSETCATALOG_COMPILER_GLOBAL_ACCENT_COLOR_NAME = AccentColor;
				CODE_SIGN_STYLE = Automatic;
				CURRENT_PROJECT_VERSION = 1;
				DEVELOPMENT_TEAM = VQ8VGU7774;
				GENERATE_INFOPLIST_FILE = YES;
				INFOPLIST_FILE = "Memery Match/Info.plist";
				INFOPLIST_KEY_UIApplicationSupportsIndirectInputEvents = YES;
				INFOPLIST_KEY_UILaunchStoryboardName = LaunchScreen;
				INFOPLIST_KEY_UIMainStoryboardFile = Main;
				INFOPLIST_KEY_UISupportedInterfaceOrientations_iPad = "UIInterfaceOrientationPortrait UIInterfaceOrientationPortraitUpsideDown UIInterfaceOrientationLandscapeLeft UIInterfaceOrientationLandscapeRight";
				INFOPLIST_KEY_UISupportedInterfaceOrientations_iPhone = "UIInterfaceOrientationPortrait UIInterfaceOrientationLandscapeLeft UIInterfaceOrientationLandscapeRight";
				LD_RUNPATH_SEARCH_PATHS = (
					"$(inherited)",
					"@executable_path/Frameworks",
				);
				MARKETING_VERSION = 1.0;
				PRODUCT_BUNDLE_IDENTIFIER = "edu.Hofstra.Kairui.Memery-Match";
				PRODUCT_NAME = "$(TARGET_NAME)";
				SWIFT_EMIT_LOC_STRINGS = YES;
				SWIFT_VERSION = 5.0;
				TARGETED_DEVICE_FAMILY = "1,2";
			};
			name = Release;
		};
		9292F1D329EF51530049DB1A /* Debug */ = {
			isa = XCBuildConfiguration;
			buildSettings = {
				ALWAYS_EMBED_SWIFT_STANDARD_LIBRARIES = YES;
				BUNDLE_LOADER = "$(TEST_HOST)";
				CODE_SIGN_STYLE = Automatic;
				CURRENT_PROJECT_VERSION = 1;
				DEVELOPMENT_TEAM = VQ8VGU7774;
				GENERATE_INFOPLIST_FILE = YES;
				IPHONEOS_DEPLOYMENT_TARGET = 16.4;
				MARKETING_VERSION = 1.0;
				PRODUCT_BUNDLE_IDENTIFIER = "edu.Hofstra.Kairui.Memery-MatchTests";
				PRODUCT_NAME = "$(TARGET_NAME)";
				SWIFT_EMIT_LOC_STRINGS = NO;
				SWIFT_VERSION = 5.0;
				TARGETED_DEVICE_FAMILY = "1,2";
				TEST_HOST = "$(BUILT_PRODUCTS_DIR)/Memery Match.app/$(BUNDLE_EXECUTABLE_FOLDER_PATH)/Memery Match";
			};
			name = Debug;
		};
		9292F1D429EF51530049DB1A /* Release */ = {
			isa = XCBuildConfiguration;
			buildSettings = {
				ALWAYS_EMBED_SWIFT_STANDARD_LIBRARIES = YES;
				BUNDLE_LOADER = "$(TEST_HOST)";
				CODE_SIGN_STYLE = Automatic;
				CURRENT_PROJECT_VERSION = 1;
				DEVELOPMENT_TEAM = VQ8VGU7774;
				GENERATE_INFOPLIST_FILE = YES;
				IPHONEOS_DEPLOYMENT_TARGET = 16.4;
				MARKETING_VERSION = 1.0;
				PRODUCT_BUNDLE_IDENTIFIER = "edu.Hofstra.Kairui.Memery-MatchTests";
				PRODUCT_NAME = "$(TARGET_NAME)";
				SWIFT_EMIT_LOC_STRINGS = NO;
				SWIFT_VERSION = 5.0;
				TARGETED_DEVICE_FAMILY = "1,2";
				TEST_HOST = "$(BUILT_PRODUCTS_DIR)/Memery Match.app/$(BUNDLE_EXECUTABLE_FOLDER_PATH)/Memery Match";
			};
			name = Release;
		};
		9292F1D629EF51530049DB1A /* Debug */ = {
			isa = XCBuildConfiguration;
			buildSettings = {
				ALWAYS_EMBED_SWIFT_STANDARD_LIBRARIES = YES;
				CODE_SIGN_STYLE = Automatic;
				CURRENT_PROJECT_VERSION = 1;
				DEVELOPMENT_TEAM = VQ8VGU7774;
				GENERATE_INFOPLIST_FILE = YES;
				MARKETING_VERSION = 1.0;
				PRODUCT_BUNDLE_IDENTIFIER = "edu.Hofstra.Kairui.Memery-MatchUITests";
				PRODUCT_NAME = "$(TARGET_NAME)";
				SWIFT_EMIT_LOC_STRINGS = NO;
				SWIFT_VERSION = 5.0;
				TARGETED_DEVICE_FAMILY = "1,2";
				TEST_TARGET_NAME = "Memery Match";
			};
			name = Debug;
		};
		9292F1D729EF51530049DB1A /* Release */ = {
			isa = XCBuildConfiguration;
			buildSettings = {
				ALWAYS_EMBED_SWIFT_STANDARD_LIBRARIES = YES;
				CODE_SIGN_STYLE = Automatic;
				CURRENT_PROJECT_VERSION = 1;
				DEVELOPMENT_TEAM = VQ8VGU7774;
				GENERATE_INFOPLIST_FILE = YES;
				MARKETING_VERSION = 1.0;
				PRODUCT_BUNDLE_IDENTIFIER = "edu.Hofstra.Kairui.Memery-MatchUITests";
				PRODUCT_NAME = "$(TARGET_NAME)";
				SWIFT_EMIT_LOC_STRINGS = NO;
				SWIFT_VERSION = 5.0;
				TARGETED_DEVICE_FAMILY = "1,2";
				TEST_TARGET_NAME = "Memery Match";
			};
			name = Release;
		};
/* End XCBuildConfiguration section */

/* Begin XCConfigurationList section */
		9292F1A029EF51510049DB1A /* Build configuration list for PBXProject "Memery Match" */ = {
			isa = XCConfigurationList;
			buildConfigurations = (
				9292F1CD29EF51530049DB1A /* Debug */,
				9292F1CE29EF51530049DB1A /* Release */,
			);
			defaultConfigurationIsVisible = 0;
			defaultConfigurationName = Release;
		};
		9292F1CF29EF51530049DB1A /* Build configuration list for PBXNativeTarget "Memery Match" */ = {
			isa = XCConfigurationList;
			buildConfigurations = (
				9292F1D029EF51530049DB1A /* Debug */,
				9292F1D129EF51530049DB1A /* Release */,
			);
			defaultConfigurationIsVisible = 0;
			defaultConfigurationName = Release;
		};
		9292F1D229EF51530049DB1A /* Build configuration list for PBXNativeTarget "Memery MatchTests" */ = {
			isa = XCConfigurationList;
			buildConfigurations = (
				9292F1D329EF51530049DB1A /* Debug */,
				9292F1D429EF51530049DB1A /* Release */,
			);
			defaultConfigurationIsVisible = 0;
			defaultConfigurationName = Release;
		};
		9292F1D529EF51530049DB1A /* Build configuration list for PBXNativeTarget "Memery MatchUITests" */ = {
			isa = XCConfigurationList;
			buildConfigurations = (
				9292F1D629EF51530049DB1A /* Debug */,
				9292F1D729EF51530049DB1A /* Release */,
			);
			defaultConfigurationIsVisible = 0;
			defaultConfigurationName = Release;
		};
/* End XCConfigurationList section */
	};
	rootObject = 9292F19D29EF51510049DB1A /* Project object */;
}
